
Microsoft Visual Studio Solution File, Format Version 12.00
# Visual Studio 15
VisualStudioVersion = 15.0.28307.106
MinimumVisualStudioVersion = 10.0.40219.1
Project("{FAE04EC0-301F-11D3-BF4B-00C04F79EFBC}") = "Assignment01", "Assignment01\Assignment01.csproj", "{93143A8F-DE86-4F58-A1CA-791D50945C42}"
EndProject
Project("{FAE04EC0-301F-11D3-BF4B-00C04F79EFBC}") = "Assignment03", "Assignment03\Assignment03.csproj", "{712A32B5-C747-40C9-A785-40A620947CD6}"
EndProject
Project("{FAE04EC0-301F-11D3-BF4B-00C04F79EFBC}") = "Assignment02", "Assignment02\Assignment02.csproj", "{5C9EB692-A8F0-458B-91D8-39989DD69AC5}"
EndProject
Global
	GlobalSection(SolutionConfigurationPlatforms) = preSolution
		Debug|Any CPU = Debug|Any CPU
		Release|Any CPU = Release|Any CPU
	EndGlobalSection
	GlobalSection(ProjectConfigurationPlatforms) = postSolution
		{93143A8F-DE86-4F58-A1CA-791D50945C42}.Debug|Any CPU.ActiveCfg = Debug|Any CPU
		{93143A8F-DE86-4F58-A1CA-791D50945C42}.Debug|Any CPU.Build.0 = Debug|Any CPU
		{93143A8F-DE86-4F58-A1CA-791D50945C42}.Release|Any CPU.ActiveCfg = Release|Any CPU
		{93143A8F-DE86-4F58-A1CA-791D50945C42}.Release|Any CPU.Build.0 = Release|Any CPU
		{712A32B5-C747-40C9-A785-40A620947CD6}.Debug|Any CPU.ActiveCfg = Debug|Any CPU
		{712A32B5-C747-40C9-A785-40A620947CD6}.Debug|Any CPU.Build.0 = Debug|Any CPU
		{712A32B5-C747-40C9-A785-40A620947CD6}.Release|Any CPU.ActiveCfg = Release|Any CPU
		{712A32B5-C747-40C9-A785-40A620947CD6}.Release|Any CPU.Build.0 = Release|Any CPU
		{5C9EB692-A8F0-458B-91D8-39989DD69AC5}.Debug|Any CPU.ActiveCfg = Debug|Any CPU
		{5C9EB692-A8F0-458B-91D8-39989DD69AC5}.Debug|Any CPU.Build.0 = Debug|Any CPU
		{5C9EB692-A8F0-458B-91D8-39989DD69AC5}.Release|Any CPU.ActiveCfg = Release|Any CPU
		{5C9EB692-A8F0-458B-91D8-39989DD69AC5}.Release|Any CPU.Build.0 = Release|Any CPU
	EndGlobalSection
	GlobalSection(SolutionProperties) = preSolution
		HideSolutionNode = FALSE
	EndGlobalSection
	GlobalSection(ExtensibilityGlobals) = postSolution
		SolutionGuid = {3EEAC4D2-E9A2-4B70-ABC6-FD8F4FAD59AC}
	EndGlobalSection
EndGlobal
